
Microsoft Visual Studio Solution File, Format Version 12.00
# Visual Studio Version 16
VisualStudioVersion = 16.0.31729.503
MinimumVisualStudioVersion = 10.0.40219.1
Project("{FAE04EC0-301F-11D3-BF4B-00C04F79EFBC}") = "HomeWork.03.11", "HomeWork.03.11\HomeWork.03.11.csproj", "{3D6F302A-BCCF-4DB4-90B4-A1488CB6DEF9}"
EndProject
Project("{FAE04EC0-301F-11D3-BF4B-00C04F79EFBC}") = "HomeWork2", "Produce03.11\HomeWork2.csproj", "{183C8110-A879-4D55-8357-7FFF0819FB78}"
EndProject
Global
	GlobalSection(SolutionConfigurationPlatforms) = preSolution
		Debug|Any CPU = Debug|Any CPU
		Release|Any CPU = Release|Any CPU
	EndGlobalSection
	GlobalSection(ProjectConfigurationPlatforms) = postSolution
		{3D6F302A-BCCF-4DB4-90B4-A1488CB6DEF9}.Debug|Any CPU.ActiveCfg = Debug|Any CPU
		{3D6F302A-BCCF-4DB4-90B4-A1488CB6DEF9}.Debug|Any CPU.Build.0 = Debug|Any CPU
		{3D6F302A-BCCF-4DB4-90B4-A1488CB6DEF9}.Release|Any CPU.ActiveCfg = Release|Any CPU
		{3D6F302A-BCCF-4DB4-90B4-A1488CB6DEF9}.Release|Any CPU.Build.0 = Release|Any CPU
		{183C8110-A879-4D55-8357-7FFF0819FB78}.Debug|Any CPU.ActiveCfg = Debug|Any CPU
		{183C8110-A879-4D55-8357-7FFF0819FB78}.Debug|Any CPU.Build.0 = Debug|Any CPU
		{183C8110-A879-4D55-8357-7FFF0819FB78}.Release|Any CPU.ActiveCfg = Release|Any CPU
		{183C8110-A879-4D55-8357-7FFF0819FB78}.Release|Any CPU.Build.0 = Release|Any CPU
	EndGlobalSection
	GlobalSection(SolutionProperties) = preSolution
		HideSolutionNode = FALSE
	EndGlobalSection
	GlobalSection(ExtensibilityGlobals) = postSolution
		SolutionGuid = {4E17BE30-13DC-48B7-B6B4-5C32880857C7}
	EndGlobalSection
EndGlobal
